
Microsoft Visual Studio Solution File, Format Version 12.00
# Visual Studio Version 16
VisualStudioVersion = 16.0.808.4
MinimumVisualStudioVersion = 10.0.40219.1
Project("{FAE04EC0-301F-11D3-BF4B-00C04F79EFBC}") = "Classes__Basics", "Classes__Basics\Classes__Basics.csproj", "{276A2B17-405C-42A4-B41E-4CCE70A88D12}"
EndProject
Global
	GlobalSection(SolutionConfigurationPlatforms) = preSolution
		Debug|anycpu = Debug|anycpu
		Release|anycpu = Release|anycpu
	EndGlobalSection
	GlobalSection(ProjectConfigurationPlatforms) = postSolution
		{276A2B17-405C-42A4-B41E-4CCE70A88D12}.Debug|anycpu.ActiveCfg = Debug|anycpu
		{276A2B17-405C-42A4-B41E-4CCE70A88D12}.Debug|anycpu.Build.0 = Debug|anycpu
		{276A2B17-405C-42A4-B41E-4CCE70A88D12}.Release|anycpu.ActiveCfg = Release|anycpu
		{276A2B17-405C-42A4-B41E-4CCE70A88D12}.Release|anycpu.Build.0 = Release|anycpu
	EndGlobalSection
	GlobalSection(SolutionProperties) = preSolution
		HideSolutionNode = FALSE
	EndGlobalSection
	GlobalSection(ExtensibilityGlobals) = postSolution
		SolutionGuid = {48ABB03C-796E-4BCE-902C-9C3AB400ACAC}
	EndGlobalSection
EndGlobal
